<?xml version="1.0" encoding="utf-8"?>
<Project ToolsVersion="4.0" xmlns="http://schemas.microsoft.com/developer/msbuild/2003">
  <ItemGroup>
    <Filter Include="소스 파일">
      <UniqueIdentifier>{4FC737F1-C7A5-4376-A066-2A32D752A2FF}</UniqueIdentifier>
      <Extensions>cpp;c;cc;cxx;def;odl;idl;hpj;bat;asm;asmx</Extensions>
    </Filter>
    <Filter Include="헤더 파일">
      <UniqueIdentifier>{93995380-89BD-4b04-88EB-625FBE52EBFB}</UniqueIdentifier>
      <Extensions>h;hpp;hxx;hm;inl;inc;xsd</Extensions>
    </Filter>
    <Filter Include="리소스 파일">
      <UniqueIdentifier>{67DA6AB6-F800-4c08-8B7A-83BB121AAD01}</UniqueIdentifier>
      <Extensions>rc;ico;cur;bmp;dlg;rc2;rct;bin;rgs;gif;jpg;jpeg;jpe;resx;tiff;tif;png;wav;mfcribbon-ms</Extensions>
    </Filter>
    <Filter Include="GlobalUtil">
      <UniqueIdentifier>{c8ed84c5-9cee-4a11-b649-b205bc3a847c}</UniqueIdentifier>
    </Filter>
    <Filter Include="DataType">
      <UniqueIdentifier>{f38ebbb5-3dc0-4dcd-ac92-092c68ab4701}</UniqueIdentifier>
    </Filter>
    <Filter Include="DataType\ShapeType">
      <UniqueIdentifier>{d9b7998a-fd5f-452c-b365-7e579323b5da}</UniqueIdentifier>
    </Filter>
    <Filter Include="CustomController And Dialog">
      <UniqueIdentifier>{5f0fe2e3-f8f5-4c3d-bbd7-cfd620d80203}</UniqueIdentifier>
    </Filter>
    <Filter Include="json">
      <UniqueIdentifier>{83785b4d-4ef3-4be3-88c2-4d7e635793fa}</UniqueIdentifier>
    </Filter>
    <Filter Include="common">
      <UniqueIdentifier>{2843571a-b392-4dbc-a8e8-d2585f0e12ba}</UniqueIdentifier>
    </Filter>
    <Filter Include="models">
      <UniqueIdentifier>{3b160242-fe19-4eaa-bc0a-0c0c65ef7fdf}</UniqueIdentifier>
    </Filter>
    <Filter Include="Map">
      <UniqueIdentifier>{41f92e6d-8965-4687-a2cb-f65274c678df}</UniqueIdentifier>
    </Filter>
    <Filter Include="Map\VeCad">
      <UniqueIdentifier>{86dd3a69-8a94-41ed-81a0-d1566ff1cbde}</UniqueIdentifier>
    </Filter>
    <Filter Include="Manager">
      <UniqueIdentifier>{053faa61-b1cc-4380-bcb3-30046f239b63}</UniqueIdentifier>
    </Filter>
    <Filter Include="services">
      <UniqueIdentifier>{6a76c04b-c967-434d-b7fd-08f2ad67a30a}</UniqueIdentifier>
    </Filter>
    <Filter Include="windows">
      <UniqueIdentifier>{c1cc1b69-e801-4f0c-9cc8-86d05a267973}</UniqueIdentifier>
    </Filter>
  </ItemGroup>
  <ItemGroup>
    <None Include="ReadMe.txt" />
    <None Include="res\output_wnd.ico">
      <Filter>리소스 파일</Filter>
    </None>
    <None Include="res\output_wnd_hc.ico">
      <Filter>리소스 파일</Filter>
    </None>
    <None Include="UserImages.bmp">
      <Filter>리소스 파일</Filter>
    </None>
    <None Include="res\RTK.rc2">
      <Filter>리소스 파일</Filter>
    </None>
    <None Include="res\RTKDoc.ico">
      <Filter>리소스 파일</Filter>
    </None>
    <None Include="res\RTK.ico">
      <Filter>리소스 파일</Filter>
    </None>
    <None Include="res\Toolbar.bmp">
      <Filter>리소스 파일</Filter>
    </None>
    <None Include="res\Toolbar256.bmp">
      <Filter>리소스 파일</Filter>
    </None>
    <None Include="res\bitmap1.bmp">
      <Filter>리소스 파일</Filter>
    </None>
    <None Include="..\..\Image\PSNLeftImage.bmp">
      <Filter>리소스 파일</Filter>
    </None>
    <None Include="res\cad_draw.bmp">
      <Filter>리소스 파일</Filter>
    </None>
    <None Include="res\toolbar1.bmp">
      <Filter>리소스 파일</Filter>
    </None>
    <None Include="res\toolbar2.bmp">
      <Filter>리소스 파일</Filter>
    </None>
    <None Include="res\PSNLeftImage.bmp">
      <Filter>리소스 파일</Filter>
    </None>
    <None Include="res\bmp00001.bmp">
      <Filter>리소스 파일</Filter>
    </None>
    <None Include="res\CadDraw.bmp">
      <Filter>리소스 파일</Filter>
    </None>
    <None Include="res\CadZoom.bmp">
      <Filter>리소스 파일</Filter>
    </None>
    <None Include="res\TBCadDraw.bmp">
      <Filter>리소스 파일</Filter>
    </None>
    <None Include="res\TBCadZoom.bmp">
      <Filter>리소스 파일</Filter>
    </None>
    <None Include="res\SkyGraph.bmp">
      <Filter>리소스 파일</Filter>
    </None>
    <None Include="res\GLS.bmp">
      <Filter>리소스 파일</Filter>
    </None>
    <None Include="res\GPS.bmp">
      <Filter>리소스 파일</Filter>
    </None>
    <None Include="res\HMove.bmp">
      <Filter>리소스 파일</Filter>
    </None>
    <None Include="res\VMove.bmp">
      <Filter>리소스 파일</Filter>
    </None>
    <None Include="cpp.hint" />
  </ItemGroup>
  <ItemGroup>
    <ClInclude Include="stdafx.h">
      <Filter>헤더 파일</Filter>
    </ClInclude>
    <ClInclude Include="targetver.h">
      <Filter>헤더 파일</Filter>
    </ClInclude>
    <ClInclude Include="Resource.h">
      <Filter>헤더 파일</Filter>
    </ClInclude>
    <ClInclude Include="VeCad\cadapi.h">
      <Filter>Map\VeCad</Filter>
    </ClInclude>
    <ClInclude Include="GlobalUtil\FileUtil.h">
      <Filter>GlobalUtil</Filter>
    </ClInclude>
    <ClInclude Include="GlobalUtil\StringUtil.h">
      <Filter>GlobalUtil</Filter>
    </ClInclude>
    <ClInclude Include="Shape\DS_Polyline.h">
      <Filter>DataType\ShapeType</Filter>
    </ClInclude>
    <ClInclude Include="Shape\DS_Polygon.h">
      <Filter>DataType\ShapeType</Filter>
    </ClInclude>
    <ClInclude Include="Shape\DS_Point.h">
      <Filter>DataType\ShapeType</Filter>
    </ClInclude>
    <ClInclude Include="Shape\DS_Rect.h">
      <Filter>DataType\ShapeType</Filter>
    </ClInclude>
    <ClInclude Include="GlobalDefine.h">
      <Filter>헤더 파일</Filter>
    </ClInclude>
    <ClInclude Include="Angle.h">
      <Filter>DataType</Filter>
    </ClInclude>
    <ClInclude Include="BasePoint.h">
      <Filter>DataType</Filter>
    </ClInclude>
    <ClInclude Include="Parcel.h">
      <Filter>DataType</Filter>
    </ClInclude>
    <ClInclude Include="MapBound.h">
      <Filter>DataType</Filter>
    </ClInclude>
    <ClInclude Include="GPSPoint.h">
      <Filter>DataType</Filter>
    </ClInclude>
    <ClInclude Include="ParcelInfoDlg.h">
      <Filter>CustomController And Dialog</Filter>
    </ClInclude>
    <ClInclude Include="Caculate.h">
      <Filter>GlobalUtil</Filter>
    </ClInclude>
    <ClInclude Include="Shape\DS_Line.h">
      <Filter>DataType\ShapeType</Filter>
    </ClInclude>
    <ClInclude Include="Shape\DS_Shape.h">
      <Filter>DataType\ShapeType</Filter>
    </ClInclude>
    <ClInclude Include="json\json.h">
      <Filter>json</Filter>
    </ClInclude>
    <ClInclude Include="json\json-forwards.h">
      <Filter>json</Filter>
    </ClInclude>
    <ClInclude Include="Service.h">
      <Filter>services</Filter>
    </ClInclude>
    <ClInclude Include="ParcelMonkey.h">
      <Filter>services</Filter>
    </ClInclude>
    <ClInclude Include="TaskWnd.h">
      <Filter>windows</Filter>
    </ClInclude>
    <ClInclude Include="TaskAddDlg.h">
      <Filter>windows</Filter>
    </ClInclude>
    <ClInclude Include="RTKView.h">
      <Filter>windows</Filter>
    </ClInclude>
    <ClInclude Include="RTKDoc.h">
      <Filter>windows</Filter>
    </ClInclude>
    <ClInclude Include="RTK.h">
      <Filter>windows</Filter>
    </ClInclude>
    <ClInclude Include="OutputWnd.h">
      <Filter>windows</Filter>
    </ClInclude>
    <ClInclude Include="MainFrm.h">
      <Filter>windows</Filter>
    </ClInclude>
    <ClInclude Include="ConnectionStateDlg.h">
      <Filter>windows</Filter>
    </ClInclude>
    <ClInclude Include="SocketRecipient.h">
      <Filter>services</Filter>
    </ClInclude>
    <ClInclude Include="SocketWorker.h">
      <Filter>services</Filter>
    </ClInclude>
    <ClInclude Include="StatePane.h">
      <Filter>windows</Filter>
    </ClInclude>
    <ClInclude Include="WorkerManager.h">
      <Filter>services</Filter>
    </ClInclude>
    <ClInclude Include="Task.h">
      <Filter>models</Filter>
    </ClInclude>
    <ClInclude Include="Log.h">
      <Filter>common</Filter>
    </ClInclude>
    <ClInclude Include="TestMonkey.h">
      <Filter>services</Filter>
    </ClInclude>
    <ClInclude Include="SocketAcceptor.h">
      <Filter>services</Filter>
    </ClInclude>
    <ClInclude Include="ParcelAddDlg.h">
      <Filter>헤더 파일</Filter>
    </ClInclude>
    <ClInclude Include="File.h">
      <Filter>models</Filter>
    </ClInclude>
    <ClInclude Include="FileManager.h">
      <Filter>common</Filter>
    </ClInclude>
    <ClInclude Include="Survey.h">
      <Filter>models</Filter>
    </ClInclude>
    <ClInclude Include="SurveyInfoPainter.h">
      <Filter>Map</Filter>
    </ClInclude>
    <ClInclude Include="SurveyView.h">
      <Filter>Map</Filter>
    </ClInclude>
    <ClInclude Include="json.h">
      <Filter>common</Filter>
    </ClInclude>
    <ClInclude Include="CadManager.h">
      <Filter>Manager</Filter>
    </ClInclude>
    <ClInclude Include="ParcelManager.h">
      <Filter>Manager</Filter>
    </ClInclude>
    <ClInclude Include="TaskManager.h">
      <Filter>Manager</Filter>
    </ClInclude>
    <ClInclude Include="SurveyMonkey.h">
      <Filter>services</Filter>
    </ClInclude>
    <ClInclude Include="path.h">
      <Filter>common</Filter>
    </ClInclude>
    <ClInclude Include="TaskMonkey.h">
      <Filter>services</Filter>
    </ClInclude>
    <ClInclude Include="InitMonkey.h">
      <Filter>services</Filter>
    </ClInclude>
    <ClInclude Include="Worker.h">
      <Filter>models</Filter>
    </ClInclude>
    <ClInclude Include="base64.h">
      <Filter>common</Filter>
    </ClInclude>
    <ClInclude Include="SurveyInfoDlg.h">
      <Filter>windows</Filter>
    </ClInclude>
    <ClInclude Include="Base64Image.h">
      <Filter>models</Filter>
    </ClInclude>
    <ClInclude Include="time.h">
      <Filter>common</Filter>
    </ClInclude>
    <ClInclude Include="uuid.h">
      <Filter>common</Filter>
    </ClInclude>
  </ItemGroup>
  <ItemGroup>
    <ClCompile Include="stdafx.cpp">
      <Filter>소스 파일</Filter>
    </ClCompile>
    <ClCompile Include="VeCad\cadapi.cpp">
      <Filter>Map\VeCad</Filter>
    </ClCompile>
    <ClCompile Include="GlobalUtil\FileUtil.cpp">
      <Filter>GlobalUtil</Filter>
    </ClCompile>
    <ClCompile Include="GlobalUtil\StringUtil.cpp">
      <Filter>GlobalUtil</Filter>
    </ClCompile>
    <ClCompile Include="Shape\DS_Polygon.cpp">
      <Filter>DataType\ShapeType</Filter>
    </ClCompile>
    <ClCompile Include="Shape\DS_Polyline.cpp">
      <Filter>DataType\ShapeType</Filter>
    </ClCompile>
    <ClCompile Include="Shape\DS_Point.cpp">
      <Filter>DataType\ShapeType</Filter>
    </ClCompile>
    <ClCompile Include="Shape\DS_Rect.cpp">
      <Filter>DataType\ShapeType</Filter>
    </ClCompile>
    <ClCompile Include="Angle.cpp">
      <Filter>DataType</Filter>
    </ClCompile>
    <ClCompile Include="BasePoint.cpp">
      <Filter>DataType</Filter>
    </ClCompile>
    <ClCompile Include="GPSPoint.cpp">
      <Filter>DataType</Filter>
    </ClCompile>
    <ClCompile Include="Parcel.cpp">
      <Filter>DataType</Filter>
    </ClCompile>
    <ClCompile Include="MapBound.cpp">
      <Filter>DataType</Filter>
    </ClCompile>
    <ClCompile Include="ParcelInfoDlg.cpp">
      <Filter>CustomController And Dialog</Filter>
    </ClCompile>
    <ClCompile Include="Caculate.cpp">
      <Filter>GlobalUtil</Filter>
    </ClCompile>
    <ClCompile Include="Shape\DS_Line.cpp">
      <Filter>DataType\ShapeType</Filter>
    </ClCompile>
    <ClCompile Include="Shape\DS_Shape.cpp">
      <Filter>DataType\ShapeType</Filter>
    </ClCompile>
    <ClCompile Include="jsoncpp.cpp">
      <Filter>json</Filter>
    </ClCompile>
    <ClCompile Include="Monkey.cpp">
      <Filter>services</Filter>
    </ClCompile>
    <ClCompile Include="ParcelMonkey.cpp">
      <Filter>services</Filter>
    </ClCompile>
    <ClCompile Include="ConnectionStateDlg.cpp">
      <Filter>windows</Filter>
    </ClCompile>
    <ClCompile Include="MainFrm.cpp">
      <Filter>windows</Filter>
    </ClCompile>
    <ClCompile Include="OutputWnd.cpp">
      <Filter>windows</Filter>
    </ClCompile>
    <ClCompile Include="RTK.cpp">
      <Filter>windows</Filter>
    </ClCompile>
    <ClCompile Include="RTKDoc.cpp">
      <Filter>windows</Filter>
    </ClCompile>
    <ClCompile Include="RTKView.cpp">
      <Filter>windows</Filter>
    </ClCompile>
    <ClCompile Include="StatePane.cpp">
      <Filter>windows</Filter>
    </ClCompile>
    <ClCompile Include="TaskAddDlg.cpp">
      <Filter>windows</Filter>
    </ClCompile>
    <ClCompile Include="TaskWnd.cpp">
      <Filter>windows</Filter>
    </ClCompile>
    <ClCompile Include="RequestResolver.cpp">
      <Filter>services</Filter>
    </ClCompile>
    <ClCompile Include="SocketRecipient.cpp">
      <Filter>services</Filter>
    </ClCompile>
    <ClCompile Include="SocketWorker.cpp">
      <Filter>services</Filter>
    </ClCompile>
    <ClCompile Include="WorkerManager.cpp">
      <Filter>services</Filter>
    </ClCompile>
    <ClCompile Include="Task.cpp">
      <Filter>models</Filter>
    </ClCompile>
    <ClCompile Include="Log.cpp">
      <Filter>common</Filter>
    </ClCompile>
    <ClCompile Include="TestMonkey.cpp">
      <Filter>services</Filter>
    </ClCompile>
    <ClCompile Include="SocketAcceptor.cpp">
      <Filter>services</Filter>
    </ClCompile>
    <ClCompile Include="ParcelAddDlg.cpp">
      <Filter>소스 파일</Filter>
    </ClCompile>
    <ClCompile Include="File.cpp">
      <Filter>models</Filter>
    </ClCompile>
    <ClCompile Include="FileManager.cpp">
      <Filter>common</Filter>
    </ClCompile>
    <ClCompile Include="Survey.cpp">
      <Filter>models</Filter>
    </ClCompile>
    <ClCompile Include="SurveyInfoPainter.cpp">
      <Filter>Map</Filter>
    </ClCompile>
    <ClCompile Include="SurveyView.cpp">
      <Filter>Map</Filter>
    </ClCompile>
    <ClCompile Include="json.cpp">
      <Filter>common</Filter>
    </ClCompile>
    <ClCompile Include="CadManager.cpp">
      <Filter>Manager</Filter>
    </ClCompile>
    <ClCompile Include="ParcelManager.cpp">
      <Filter>Manager</Filter>
    </ClCompile>
    <ClCompile Include="TaskManager.cpp">
      <Filter>Manager</Filter>
    </ClCompile>
    <ClCompile Include="SurveyMonkey.cpp">
      <Filter>services</Filter>
    </ClCompile>
    <ClCompile Include="path.cpp">
      <Filter>common</Filter>
    </ClCompile>
    <ClCompile Include="TaskMonkey.cpp">
      <Filter>services</Filter>
    </ClCompile>
    <ClCompile Include="InitMonkey.cpp">
      <Filter>services</Filter>
    </ClCompile>
    <ClCompile Include="Worker.cpp">
      <Filter>models</Filter>
    </ClCompile>
    <ClCompile Include="base64.cpp">
      <Filter>common</Filter>
    </ClCompile>
    <ClCompile Include="SurveyInfoDlg.cpp">
      <Filter>windows</Filter>
    </ClCompile>
    <ClCompile Include="Base64Image.cpp">
      <Filter>models</Filter>
    </ClCompile>
    <ClCompile Include="time.cpp">
      <Filter>common</Filter>
    </ClCompile>
    <ClCompile Include="uuid.cpp">
      <Filter>common</Filter>
    </ClCompile>
  </ItemGroup>
  <ItemGroup>
    <ResourceCompile Include="RTK.rc">
      <Filter>리소스 파일</Filter>
    </ResourceCompile>
  </ItemGroup>
</Project>